
Microsoft Visual Studio Solution File, Format Version 12.00
# Visual Studio Version 17
VisualStudioVersion = 17.7.34009.444
MinimumVisualStudioVersion = 10.0.40219.1
Project("{FAE04EC0-301F-11D3-BF4B-00C04F79EFBC}") = "TehtavaD2", "TehtavaD2\TehtavaD2.csproj", "{4A1AAB1A-8926-4444-90F0-D86A3C2CC53C}"
EndProject
Global
	GlobalSection(SolutionConfigurationPlatforms) = preSolution
		Debug|Any CPU = Debug|Any CPU
		Release|Any CPU = Release|Any CPU
	EndGlobalSection
	GlobalSection(ProjectConfigurationPlatforms) = postSolution
		{4A1AAB1A-8926-4444-90F0-D86A3C2CC53C}.Debug|Any CPU.ActiveCfg = Debug|Any CPU
		{4A1AAB1A-8926-4444-90F0-D86A3C2CC53C}.Debug|Any CPU.Build.0 = Debug|Any CPU
		{4A1AAB1A-8926-4444-90F0-D86A3C2CC53C}.Release|Any CPU.ActiveCfg = Release|Any CPU
		{4A1AAB1A-8926-4444-90F0-D86A3C2CC53C}.Release|Any CPU.Build.0 = Release|Any CPU
	EndGlobalSection
	GlobalSection(SolutionProperties) = preSolution
		HideSolutionNode = FALSE
	EndGlobalSection
	GlobalSection(ExtensibilityGlobals) = postSolution
		SolutionGuid = {DBFAA37B-F790-4668-9617-25DC340B42D0}
	EndGlobalSection
EndGlobal
